# THIS IS AN AUTOGENERATED FILE. DO NOT EDIT THIS FILE DIRECTLY.
# yarn lockfile v1


"@candlefw/url@^0.1.0":
  version "0.1.0"
  resolved "https://registry.npmjs.org/@candlefw/url/-/url-0.1.0.tgz#ad057543641169c04a772d9c550e3126657914c2"
  integrity sha512-9Bb1rJ4xfLtRnJEcKpfsvJMOsE47XfEuORAleqMgbvGo/gePkJMQ3o4H29VKHUir1XHmAkcK10b7i62HhGEwHg==
  dependencies:
    "@candlefw/whind" latest

"@candlefw/whind@latest":
  version "0.4.0"
  resolved "https://registry.npmjs.org/@candlefw/whind/-/whind-0.4.0.tgz#5a0de6edfbe2c1d3f0776bd7694acc150cb9bf6b"
  integrity sha512-IhK2lIHWK037E6P6StRVK0po9YacIKAZ8mGCHZACslFi0Svi3PIMDlGCRA3gQyJFy7ihOy3AaBCcmw1SCgP3Kg==
