# THIS IS AN AUTOGENERATED FILE. DO NOT EDIT THIS FILE DIRECTLY.
# yarn lockfile v1


"@candlefw/url@^0.1.0":
  version "0.1.0"
  resolved "https://registry.npmjs.org/@candlefw/url/-/url-0.1.0.tgz#ad057543641169c04a772d9c550e3126657914c2"
  integrity sha512-9Bb1rJ4xfLtRnJEcKpfsvJMOsE47XfEuORAleqMgbvGo/gePkJMQ3o4H29VKHUir1XHmAkcK10b7i62HhGEwHg==
  dependencies:
    "@candlefw/whind" latest

"@candlefw/wind@latest":
  version "0.4.0"
  resolved "https://registry.yarnpkg.com/@candlefw/wind/-/wind-0.4.0.tgz#a46c07bdfd0d9d1180b061447473ea8cfaf21209"
  integrity sha512-G5fHDMnDmLBDR3IWZUnAfGD3n9N5CQFvnr4U2p3NW7ZR5uTs9K4EZ+3Vm0NBs/DaLLgHQbCF1Mc5KLBi4GKbqA==
